// !$*UTF8*$!
{
	archiveVersion = 1;
	classes = {
	};
	objectVersion = 77;
	objects = {

/* Begin PBXBuildFile section */
		3C43B2FA2E3C08310076B53E /* ArxivKit in Frameworks */ = {isa = PBXBuildFile; productRef = 3C43B2F92E3C08310076B53E /* ArxivKit */; };
		3CDB14082E412E3E00E718D1 /* SidebarView.swift in Sources */ = {isa = PBXBuildFile; fileRef = 3CDB14022E412E3E00E718D1 /* SidebarView.swift */; };
		3CDB14092E412E3E00E718D1 /* ArXivPaperRow.swift in Sources */ = {isa = PBXBuildFile; fileRef = 3CDB13FC2E412E3E00E718D1 /* ArXivPaperRow.swift */; };
		3CDB140A2E412E3E00E718D1 /* MainView.swift in Sources */ = {isa = PBXBuildFile; fileRef = 3CDB13FD2E412E3E00E718D1 /* MainView.swift */; };
		3CDB140B2E412E3E00E718D1 /* PapersListView.swift in Sources */ = {isa = PBXBuildFile; fileRef = 3CDB13FF2E412E3E00E718D1 /* PapersListView.swift */; };
		3CDB140C2E412E3E00E718D1 /* ArXivService.swift in Sources */ = {isa = PBXBuildFile; fileRef = 3CDB13FA2E412E3E00E718D1 /* ArXivService.swift */; };
		3CDB140D2E412E3E00E718D1 /* ArXivController.swift in Sources */ = {isa = PBXBuildFile; fileRef = 3CDB13F62E412E3E00E718D1 /* ArXivController.swift */; };
		3CDB140E2E412E3E00E718D1 /* SearchResultsView.swift in Sources */ = {isa = PBXBuildFile; fileRef = 3CDB14002E412E3E00E718D1 /* SearchResultsView.swift */; };
		3CDB140F2E412E3E00E718D1 /* ArXivPaper.swift in Sources */ = {isa = PBXBuildFile; fileRef = 3CDB13F82E412E3E00E718D1 /* ArXivPaper.swift */; };
		3CDB14102E412E3E00E718D1 /* SettingsView.swift in Sources */ = {isa = PBXBuildFile; fileRef = 3CDB14012E412E3E00E718D1 /* SettingsView.swift */; };
		3CDB14112E412E3E00E718D1 /* ArXiv_Finder.swift in Sources */ = {isa = PBXBuildFile; fileRef = 3CDB14042E412E3E00E718D1 /* ArXiv_Finder.swift */; };
		3CDB14122E412E3E00E718D1 /* Documentation.docc in Sources */ = {isa = PBXBuildFile; fileRef = 3CDB14062E412E3E00E718D1 /* Documentation.docc */; };
		3CDB14132E412E3E00E718D1 /* PaperDetailView.swift in Sources */ = {isa = PBXBuildFile; fileRef = 3CDB13FE2E412E3E00E718D1 /* PaperDetailView.swift */; };
		3CDB14142E412E3E00E718D1 /* Assets.xcassets in Resources */ = {isa = PBXBuildFile; fileRef = 3CDB14052E412E3E00E718D1 /* Assets.xcassets */; };
/* End PBXBuildFile section */

/* Begin PBXContainerItemProxy section */
		3C733CA42E42387900333F80 /* PBXContainerItemProxy */ = {
			isa = PBXContainerItemProxy;
			containerPortal = 3CE7E8B82E154BAE000C88B6 /* Project object */;
			proxyType = 1;
			remoteGlobalIDString = 3CE7E8BF2E154BAE000C88B6;
			remoteInfo = "ArXiv Finder";
		};
		3C9CB4992E422A7F00EBFC07 /* PBXContainerItemProxy */ = {
			isa = PBXContainerItemProxy;
			containerPortal = 3CE7E8B82E154BAE000C88B6 /* Project object */;
			proxyType = 1;
			remoteGlobalIDString = 3CE7E8BF2E154BAE000C88B6;
			remoteInfo = "ArXiv Finder";
		};
/* End PBXContainerItemProxy section */

/* Begin PBXFileReference section */
		3C733C9E2E42387900333F80 /* ArXiv FinderUITests.xctest */ = {isa = PBXFileReference; explicitFileType = wrapper.cfbundle; includeInIndex = 0; path = "ArXiv FinderUITests.xctest"; sourceTree = BUILT_PRODUCTS_DIR; };
		3C9CB4952E422A7F00EBFC07 /* ArXiv FinderTests.xctest */ = {isa = PBXFileReference; explicitFileType = wrapper.cfbundle; includeInIndex = 0; path = "ArXiv FinderTests.xctest"; sourceTree = BUILT_PRODUCTS_DIR; };
		3CBB0F0B2E424E9000E3172D /* ArXiv Finder.xctestplan */ = {isa = PBXFileReference; lastKnownFileType = text; path = "ArXiv Finder.xctestplan"; sourceTree = "<group>"; };
		3CDB13F62E412E3E00E718D1 /* ArXivController.swift */ = {isa = PBXFileReference; lastKnownFileType = sourcecode.swift; path = ArXivController.swift; sourceTree = "<group>"; };
		3CDB13F82E412E3E00E718D1 /* ArXivPaper.swift */ = {isa = PBXFileReference; lastKnownFileType = sourcecode.swift; path = ArXivPaper.swift; sourceTree = "<group>"; };
		3CDB13FA2E412E3E00E718D1 /* ArXivService.swift */ = {isa = PBXFileReference; lastKnownFileType = sourcecode.swift; path = ArXivService.swift; sourceTree = "<group>"; };
		3CDB13FC2E412E3E00E718D1 /* ArXivPaperRow.swift */ = {isa = PBXFileReference; lastKnownFileType = sourcecode.swift; path = ArXivPaperRow.swift; sourceTree = "<group>"; };
		3CDB13FD2E412E3E00E718D1 /* MainView.swift */ = {isa = PBXFileReference; lastKnownFileType = sourcecode.swift; path = MainView.swift; sourceTree = "<group>"; };
		3CDB13FE2E412E3E00E718D1 /* PaperDetailView.swift */ = {isa = PBXFileReference; lastKnownFileType = sourcecode.swift; path = PaperDetailView.swift; sourceTree = "<group>"; };
		3CDB13FF2E412E3E00E718D1 /* PapersListView.swift */ = {isa = PBXFileReference; lastKnownFileType = sourcecode.swift; path = PapersListView.swift; sourceTree = "<group>"; };
		3CDB14002E412E3E00E718D1 /* SearchResultsView.swift */ = {isa = PBXFileReference; lastKnownFileType = sourcecode.swift; path = SearchResultsView.swift; sourceTree = "<group>"; };
		3CDB14012E412E3E00E718D1 /* SettingsView.swift */ = {isa = PBXFileReference; lastKnownFileType = sourcecode.swift; path = SettingsView.swift; sourceTree = "<group>"; };
		3CDB14022E412E3E00E718D1 /* SidebarView.swift */ = {isa = PBXFileReference; lastKnownFileType = sourcecode.swift; path = SidebarView.swift; sourceTree = "<group>"; };
		3CDB14042E412E3E00E718D1 /* ArXiv_Finder.swift */ = {isa = PBXFileReference; lastKnownFileType = sourcecode.swift; path = ArXiv_Finder.swift; sourceTree = "<group>"; };
		3CDB14052E412E3E00E718D1 /* Assets.xcassets */ = {isa = PBXFileReference; lastKnownFileType = folder.assetcatalog; path = Assets.xcassets; sourceTree = "<group>"; };
		3CDB14062E412E3E00E718D1 /* Documentation.docc */ = {isa = PBXFileReference; lastKnownFileType = folder.documentationcatalog; path = Documentation.docc; sourceTree = "<group>"; };
		3CE7E8C02E154BAE000C88B6 /* ArXiv Finder.app */ = {isa = PBXFileReference; explicitFileType = wrapper.application; includeInIndex = 0; path = "ArXiv Finder.app"; sourceTree = BUILT_PRODUCTS_DIR; };
/* End PBXFileReference section */

/* Begin PBXFileSystemSynchronizedRootGroup section */
		3C733C9F2E42387900333F80 /* ArXiv FinderUITests */ = {
			isa = PBXFileSystemSynchronizedRootGroup;
			path = "ArXiv FinderUITests";
			sourceTree = "<group>";
		};
		3C9CB4962E422A7F00EBFC07 /* ArXiv FinderTests */ = {
			isa = PBXFileSystemSynchronizedRootGroup;
			path = "ArXiv FinderTests";
			sourceTree = "<group>";
		};
/* End PBXFileSystemSynchronizedRootGroup section */

/* Begin PBXFrameworksBuildPhase section */
		3C733C9B2E42387900333F80 /* Frameworks */ = {
			isa = PBXFrameworksBuildPhase;
			buildActionMask = 2147483647;
			files = (
			);
			runOnlyForDeploymentPostprocessing = 0;
		};
		3C9CB4922E422A7F00EBFC07 /* Frameworks */ = {
			isa = PBXFrameworksBuildPhase;
			buildActionMask = 2147483647;
			files = (
			);
			runOnlyForDeploymentPostprocessing = 0;
		};
		3CE7E8BD2E154BAE000C88B6 /* Frameworks */ = {
			isa = PBXFrameworksBuildPhase;
			buildActionMask = 2147483647;
			files = (
				3C43B2FA2E3C08310076B53E /* ArxivKit in Frameworks */,
			);
			runOnlyForDeploymentPostprocessing = 0;
		};
/* End PBXFrameworksBuildPhase section */

/* Begin PBXGroup section */
		3CDB13F72E412E3E00E718D1 /* Controllers */ = {
			isa = PBXGroup;
			children = (
				3CDB13F62E412E3E00E718D1 /* ArXivController.swift */,
			);
			path = Controllers;
			sourceTree = "<group>";
		};
		3CDB13F92E412E3E00E718D1 /* Models */ = {
			isa = PBXGroup;
			children = (
				3CDB13F82E412E3E00E718D1 /* ArXivPaper.swift */,
			);
			path = Models;
			sourceTree = "<group>";
		};
		3CDB13FB2E412E3E00E718D1 /* Services */ = {
			isa = PBXGroup;
			children = (
				3CDB13FA2E412E3E00E718D1 /* ArXivService.swift */,
			);
			path = Services;
			sourceTree = "<group>";
		};
		3CDB14032E412E3E00E718D1 /* Views */ = {
			isa = PBXGroup;
			children = (
				3CDB13FC2E412E3E00E718D1 /* ArXivPaperRow.swift */,
				3CDB13FD2E412E3E00E718D1 /* MainView.swift */,
				3CDB13FE2E412E3E00E718D1 /* PaperDetailView.swift */,
				3CDB13FF2E412E3E00E718D1 /* PapersListView.swift */,
				3CDB14002E412E3E00E718D1 /* SearchResultsView.swift */,
				3CDB14012E412E3E00E718D1 /* SettingsView.swift */,
				3CDB14022E412E3E00E718D1 /* SidebarView.swift */,
			);
			path = Views;
			sourceTree = "<group>";
		};
		3CDB14072E412E3E00E718D1 /* ArXiv Finder */ = {
			isa = PBXGroup;
			children = (
				3CDB13F72E412E3E00E718D1 /* Controllers */,
				3CDB13F92E412E3E00E718D1 /* Models */,
				3CDB13FB2E412E3E00E718D1 /* Services */,
				3CDB14032E412E3E00E718D1 /* Views */,
				3CDB14042E412E3E00E718D1 /* ArXiv_Finder.swift */,
				3CDB14052E412E3E00E718D1 /* Assets.xcassets */,
				3CDB14062E412E3E00E718D1 /* Documentation.docc */,
			);
			path = "ArXiv Finder";
			sourceTree = "<group>";
		};
		3CE7E8B72E154BAE000C88B6 = {
			isa = PBXGroup;
			children = (
				3CBB0F0B2E424E9000E3172D /* ArXiv Finder.xctestplan */,
				3CDB14072E412E3E00E718D1 /* ArXiv Finder */,
				3C9CB4962E422A7F00EBFC07 /* ArXiv FinderTests */,
				3C733C9F2E42387900333F80 /* ArXiv FinderUITests */,
				3CE7E8C12E154BAE000C88B6 /* Products */,
			);
			sourceTree = "<group>";
		};
		3CE7E8C12E154BAE000C88B6 /* Products */ = {
			isa = PBXGroup;
			children = (
				3CE7E8C02E154BAE000C88B6 /* ArXiv Finder.app */,
				3C9CB4952E422A7F00EBFC07 /* ArXiv FinderTests.xctest */,
				3C733C9E2E42387900333F80 /* ArXiv FinderUITests.xctest */,
			);
			name = Products;
			sourceTree = "<group>";
		};
/* End PBXGroup section */

/* Begin PBXNativeTarget section */
		3C733C9D2E42387900333F80 /* ArXiv FinderUITests */ = {
			isa = PBXNativeTarget;
			buildConfigurationList = 3C733CA62E42387900333F80 /* Build configuration list for PBXNativeTarget "ArXiv FinderUITests" */;
			buildPhases = (
				3C733C9A2E42387900333F80 /* Sources */,
				3C733C9B2E42387900333F80 /* Frameworks */,
				3C733C9C2E42387900333F80 /* Resources */,
			);
			buildRules = (
			);
			dependencies = (
				3C733CA52E42387900333F80 /* PBXTargetDependency */,
			);
			fileSystemSynchronizedGroups = (
				3C733C9F2E42387900333F80 /* ArXiv FinderUITests */,
			);
			name = "ArXiv FinderUITests";
			packageProductDependencies = (
			);
			productName = "ArXiv FinderUITests";
			productReference = 3C733C9E2E42387900333F80 /* ArXiv FinderUITests.xctest */;
			productType = "com.apple.product-type.bundle.ui-testing";
		};
		3C9CB4942E422A7F00EBFC07 /* ArXiv FinderTests */ = {
			isa = PBXNativeTarget;
			buildConfigurationList = 3C9CB49D2E422A7F00EBFC07 /* Build configuration list for PBXNativeTarget "ArXiv FinderTests" */;
			buildPhases = (
				3C9CB4912E422A7F00EBFC07 /* Sources */,
				3C9CB4922E422A7F00EBFC07 /* Frameworks */,
				3C9CB4932E422A7F00EBFC07 /* Resources */,
			);
			buildRules = (
			);
			dependencies = (
				3C9CB49A2E422A7F00EBFC07 /* PBXTargetDependency */,
			);
			fileSystemSynchronizedGroups = (
				3C9CB4962E422A7F00EBFC07 /* ArXiv FinderTests */,
			);
			name = "ArXiv FinderTests";
			packageProductDependencies = (
			);
			productName = "ArXiv FinderTests";
			productReference = 3C9CB4952E422A7F00EBFC07 /* ArXiv FinderTests.xctest */;
			productType = "com.apple.product-type.bundle.unit-test";
		};
		3CE7E8BF2E154BAE000C88B6 /* ArXiv Finder */ = {
			isa = PBXNativeTarget;
			buildConfigurationList = 3CE7E8E32E154BAF000C88B6 /* Build configuration list for PBXNativeTarget "ArXiv Finder" */;
			buildPhases = (
				3CE7E8BC2E154BAE000C88B6 /* Sources */,
				3CE7E8BD2E154BAE000C88B6 /* Frameworks */,
				3CE7E8BE2E154BAE000C88B6 /* Resources */,
			);
			buildRules = (
			);
			dependencies = (
			);
			name = "ArXiv Finder";
			packageProductDependencies = (
				3C43B2F92E3C08310076B53E /* ArxivKit */,
			);
			productName = "ArXiv Finder";
			productReference = 3CE7E8C02E154BAE000C88B6 /* ArXiv Finder.app */;
			productType = "com.apple.product-type.application";
		};
/* End PBXNativeTarget section */

/* Begin PBXProject section */
		3CE7E8B82E154BAE000C88B6 /* Project object */ = {
			isa = PBXProject;
			attributes = {
				BuildIndependentTargetsInParallel = 1;
				LastSwiftUpdateCheck = 1640;
				LastUpgradeCheck = 2610;
				TargetAttributes = {
					3C733C9D2E42387900333F80 = {
						CreatedOnToolsVersion = 16.4;
						TestTargetID = 3CE7E8BF2E154BAE000C88B6;
					};
					3C9CB4942E422A7F00EBFC07 = {
						CreatedOnToolsVersion = 16.4;
						TestTargetID = 3CE7E8BF2E154BAE000C88B6;
					};
					3CE7E8BF2E154BAE000C88B6 = {
						CreatedOnToolsVersion = 16.4;
					};
				};
			};
			buildConfigurationList = 3CE7E8BB2E154BAE000C88B6 /* Build configuration list for PBXProject "ArXiv Finder" */;
			developmentRegion = en;
			hasScannedForEncodings = 0;
			knownRegions = (
				en,
				Base,
			);
			mainGroup = 3CE7E8B72E154BAE000C88B6;
			minimizedProjectReferenceProxies = 1;
			packageReferences = (
				3C43B2F82E3C08310076B53E /* XCRemoteSwiftPackageReference "ArxivKit" */,
			);
			preferredProjectObjectVersion = 77;
			productRefGroup = 3CE7E8C12E154BAE000C88B6 /* Products */;
			projectDirPath = "";
			projectRoot = "";
			targets = (
				3CE7E8BF2E154BAE000C88B6 /* ArXiv Finder */,
				3C9CB4942E422A7F00EBFC07 /* ArXiv FinderTests */,
				3C733C9D2E42387900333F80 /* ArXiv FinderUITests */,
			);
		};
/* End PBXProject section */

/* Begin PBXResourcesBuildPhase section */
		3C733C9C2E42387900333F80 /* Resources */ = {
			isa = PBXResourcesBuildPhase;
			buildActionMask = 2147483647;
			files = (
			);
			runOnlyForDeploymentPostprocessing = 0;
		};
		3C9CB4932E422A7F00EBFC07 /* Resources */ = {
			isa = PBXResourcesBuildPhase;
			buildActionMask = 2147483647;
			files = (
			);
			runOnlyForDeploymentPostprocessing = 0;
		};
		3CE7E8BE2E154BAE000C88B6 /* Resources */ = {
			isa = PBXResourcesBuildPhase;
			buildActionMask = 2147483647;
			files = (
				3CDB14142E412E3E00E718D1 /* Assets.xcassets in Resources */,
			);
			runOnlyForDeploymentPostprocessing = 0;
		};
/* End PBXResourcesBuildPhase section */

/* Begin PBXSourcesBuildPhase section */
		3C733C9A2E42387900333F80 /* Sources */ = {
			isa = PBXSourcesBuildPhase;
			buildActionMask = 2147483647;
			files = (
			);
			runOnlyForDeploymentPostprocessing = 0;
		};
		3C9CB4912E422A7F00EBFC07 /* Sources */ = {
			isa = PBXSourcesBuildPhase;
			buildActionMask = 2147483647;
			files = (
			);
			runOnlyForDeploymentPostprocessing = 0;
		};
		3CE7E8BC2E154BAE000C88B6 /* Sources */ = {
			isa = PBXSourcesBuildPhase;
			buildActionMask = 2147483647;
			files = (
				3CDB14082E412E3E00E718D1 /* SidebarView.swift in Sources */,
				3CDB14092E412E3E00E718D1 /* ArXivPaperRow.swift in Sources */,
				3CDB140A2E412E3E00E718D1 /* MainView.swift in Sources */,
				3CDB140B2E412E3E00E718D1 /* PapersListView.swift in Sources */,
				3CDB140C2E412E3E00E718D1 /* ArXivService.swift in Sources */,
				3CDB140D2E412E3E00E718D1 /* ArXivController.swift in Sources */,
				3CDB140E2E412E3E00E718D1 /* SearchResultsView.swift in Sources */,
				3CDB140F2E412E3E00E718D1 /* ArXivPaper.swift in Sources */,
				3CDB14102E412E3E00E718D1 /* SettingsView.swift in Sources */,
				3CDB14112E412E3E00E718D1 /* ArXiv_Finder.swift in Sources */,
				3CDB14122E412E3E00E718D1 /* Documentation.docc in Sources */,
				3CDB14132E412E3E00E718D1 /* PaperDetailView.swift in Sources */,
			);
			runOnlyForDeploymentPostprocessing = 0;
		};
/* End PBXSourcesBuildPhase section */

/* Begin PBXTargetDependency section */
		3C733CA52E42387900333F80 /* PBXTargetDependency */ = {
			isa = PBXTargetDependency;
			target = 3CE7E8BF2E154BAE000C88B6 /* ArXiv Finder */;
			targetProxy = 3C733CA42E42387900333F80 /* PBXContainerItemProxy */;
		};
		3C9CB49A2E422A7F00EBFC07 /* PBXTargetDependency */ = {
			isa = PBXTargetDependency;
			target = 3CE7E8BF2E154BAE000C88B6 /* ArXiv Finder */;
			targetProxy = 3C9CB4992E422A7F00EBFC07 /* PBXContainerItemProxy */;
		};
/* End PBXTargetDependency section */

/* Begin XCBuildConfiguration section */
		3C733CA72E42387900333F80 /* Debug */ = {
			isa = XCBuildConfiguration;
			buildSettings = {
				CODE_SIGN_STYLE = Automatic;
				CURRENT_PROJECT_VERSION = 1;
				DEAD_CODE_STRIPPING = YES;
				DEVELOPMENT_TEAM = CNRPT4VS9W;
				GENERATE_INFOPLIST_FILE = YES;
				MACOSX_DEPLOYMENT_TARGET = 15.5;
				MARKETING_VERSION = 1.0;
				PRODUCT_BUNDLE_IDENTIFIER = "com.jhg.ArXiv-FinderUITests";
				PRODUCT_NAME = "$(TARGET_NAME)";
				SWIFT_EMIT_LOC_STRINGS = NO;
				SWIFT_VERSION = 5.0;
				TEST_TARGET_NAME = "ArXiv Finder";
			};
			name = Debug;
		};
		3C733CA82E42387900333F80 /* Release */ = {
			isa = XCBuildConfiguration;
			buildSettings = {
				CODE_SIGN_STYLE = Automatic;
				CURRENT_PROJECT_VERSION = 1;
				DEAD_CODE_STRIPPING = YES;
				DEVELOPMENT_TEAM = CNRPT4VS9W;
				GENERATE_INFOPLIST_FILE = YES;
				MACOSX_DEPLOYMENT_TARGET = 15.5;
				MARKETING_VERSION = 1.0;
				PRODUCT_BUNDLE_IDENTIFIER = "com.jhg.ArXiv-FinderUITests";
				PRODUCT_NAME = "$(TARGET_NAME)";
				SWIFT_EMIT_LOC_STRINGS = NO;
				SWIFT_VERSION = 5.0;
				TEST_TARGET_NAME = "ArXiv Finder";
			};
			name = Release;
		};
		3C9CB49B2E422A7F00EBFC07 /* Debug */ = {
			isa = XCBuildConfiguration;
			buildSettings = {
				BUNDLE_LOADER = "$(TEST_HOST)";
				CODE_SIGN_STYLE = Automatic;
				CURRENT_PROJECT_VERSION = 1;
				DEAD_CODE_STRIPPING = YES;
				DEVELOPMENT_TEAM = CNRPT4VS9W;
				GENERATE_INFOPLIST_FILE = YES;
				MACOSX_DEPLOYMENT_TARGET = 15.5;
				MARKETING_VERSION = 1.0;
				PRODUCT_BUNDLE_IDENTIFIER = "com.jhg.ArXiv-FinderTests";
				PRODUCT_NAME = "$(TARGET_NAME)";
				SWIFT_EMIT_LOC_STRINGS = NO;
				SWIFT_VERSION = 5.0;
				TEST_HOST = "$(BUILT_PRODUCTS_DIR)/ArXiv Finder.app/$(BUNDLE_EXECUTABLE_FOLDER_PATH)/ArXiv Finder";
			};
			name = Debug;
		};
		3C9CB49C2E422A7F00EBFC07 /* Release */ = {
			isa = XCBuildConfiguration;
			buildSettings = {
				BUNDLE_LOADER = "$(TEST_HOST)";
				CODE_SIGN_STYLE = Automatic;
				CURRENT_PROJECT_VERSION = 1;
				DEAD_CODE_STRIPPING = YES;
				DEVELOPMENT_TEAM = CNRPT4VS9W;
				GENERATE_INFOPLIST_FILE = YES;
				MACOSX_DEPLOYMENT_TARGET = 15.5;
				MARKETING_VERSION = 1.0;
				PRODUCT_BUNDLE_IDENTIFIER = "com.jhg.ArXiv-FinderTests";
				PRODUCT_NAME = "$(TARGET_NAME)";
				SWIFT_EMIT_LOC_STRINGS = NO;
				SWIFT_VERSION = 5.0;
				TEST_HOST = "$(BUILT_PRODUCTS_DIR)/ArXiv Finder.app/$(BUNDLE_EXECUTABLE_FOLDER_PATH)/ArXiv Finder";
			};
			name = Release;
		};
		3CE7E8E12E154BAF000C88B6 /* Debug */ = {
			isa = XCBuildConfiguration;
			buildSettings = {
				ALWAYS_SEARCH_USER_PATHS = NO;
				ASSETCATALOG_COMPILER_GENERATE_SWIFT_ASSET_SYMBOL_EXTENSIONS = YES;
				CLANG_ANALYZER_NONNULL = YES;
				CLANG_ANALYZER_NUMBER_OBJECT_CONVERSION = YES_AGGRESSIVE;
				CLANG_CXX_LANGUAGE_STANDARD = "gnu++20";
				CLANG_ENABLE_MODULES = YES;
				CLANG_ENABLE_OBJC_ARC = YES;
				CLANG_ENABLE_OBJC_WEAK = YES;
				CLANG_WARN_BLOCK_CAPTURE_AUTORELEASING = YES;
				CLANG_WARN_BOOL_CONVERSION = YES;
				CLANG_WARN_COMMA = YES;
				CLANG_WARN_CONSTANT_CONVERSION = YES;
				CLANG_WARN_DEPRECATED_OBJC_IMPLEMENTATIONS = YES;
				CLANG_WARN_DIRECT_OBJC_ISA_USAGE = YES_ERROR;
				CLANG_WARN_DOCUMENTATION_COMMENTS = YES;
				CLANG_WARN_EMPTY_BODY = YES;
				CLANG_WARN_ENUM_CONVERSION = YES;
				CLANG_WARN_INFINITE_RECURSION = YES;
				CLANG_WARN_INT_CONVERSION = YES;
				CLANG_WARN_NON_LITERAL_NULL_CONVERSION = YES;
				CLANG_WARN_OBJC_IMPLICIT_RETAIN_SELF = YES;
				CLANG_WARN_OBJC_LITERAL_CONVERSION = YES;
				CLANG_WARN_OBJC_ROOT_CLASS = YES_ERROR;
				CLANG_WARN_QUOTED_INCLUDE_IN_FRAMEWORK_HEADER = YES;
				CLANG_WARN_RANGE_LOOP_ANALYSIS = YES;
				CLANG_WARN_STRICT_PROTOTYPES = YES;
				CLANG_WARN_SUSPICIOUS_MOVE = YES;
				CLANG_WARN_UNGUARDED_AVAILABILITY = YES_AGGRESSIVE;
				CLANG_WARN_UNREACHABLE_CODE = YES;
				CLANG_WARN__DUPLICATE_METHOD_MATCH = YES;
				COPY_PHASE_STRIP = NO;
				DEAD_CODE_STRIPPING = YES;
				DEBUG_INFORMATION_FORMAT = dwarf;
				DEVELOPMENT_TEAM = CNRPT4VS9W;
				ENABLE_STRICT_OBJC_MSGSEND = YES;
				ENABLE_TESTABILITY = YES;
				ENABLE_USER_SCRIPT_SANDBOXING = YES;
				GCC_C_LANGUAGE_STANDARD = gnu17;
				GCC_DYNAMIC_NO_PIC = NO;
				GCC_NO_COMMON_BLOCKS = YES;
				GCC_OPTIMIZATION_LEVEL = 0;
				GCC_PREPROCESSOR_DEFINITIONS = (
					"DEBUG=1",
					"$(inherited)",
				);
				GCC_WARN_64_TO_32_BIT_CONVERSION = YES;
				GCC_WARN_ABOUT_RETURN_TYPE = YES_ERROR;
				GCC_WARN_UNDECLARED_SELECTOR = YES;
				GCC_WARN_UNINITIALIZED_AUTOS = YES_AGGRESSIVE;
				GCC_WARN_UNUSED_FUNCTION = YES;
				GCC_WARN_UNUSED_VARIABLE = YES;
				IPHONEOS_DEPLOYMENT_TARGET = 18.5;
				LOCALIZATION_PREFERS_STRING_CATALOGS = YES;
				MTL_ENABLE_DEBUG_INFO = INCLUDE_SOURCE;
				MTL_FAST_MATH = YES;
				ONLY_ACTIVE_ARCH = YES;
				SDKROOT = macosx;
				STRING_CATALOG_GENERATE_SYMBOLS = YES;
				SWIFT_ACTIVE_COMPILATION_CONDITIONS = "DEBUG $(inherited)";
				SWIFT_OPTIMIZATION_LEVEL = "-Onone";
			};
			name = Debug;
		};
		3CE7E8E22E154BAF000C88B6 /* Release */ = {
			isa = XCBuildConfiguration;
			buildSettings = {
				ALWAYS_SEARCH_USER_PATHS = NO;
				ASSETCATALOG_COMPILER_GENERATE_SWIFT_ASSET_SYMBOL_EXTENSIONS = YES;
				CLANG_ANALYZER_NONNULL = YES;
				CLANG_ANALYZER_NUMBER_OBJECT_CONVERSION = YES_AGGRESSIVE;
				CLANG_CXX_LANGUAGE_STANDARD = "gnu++20";
				CLANG_ENABLE_MODULES = YES;
				CLANG_ENABLE_OBJC_ARC = YES;
				CLANG_ENABLE_OBJC_WEAK = YES;
				CLANG_WARN_BLOCK_CAPTURE_AUTORELEASING = YES;
				CLANG_WARN_BOOL_CONVERSION = YES;
				CLANG_WARN_COMMA = YES;
				CLANG_WARN_CONSTANT_CONVERSION = YES;
				CLANG_WARN_DEPRECATED_OBJC_IMPLEMENTATIONS = YES;
				CLANG_WARN_DIRECT_OBJC_ISA_USAGE = YES_ERROR;
				CLANG_WARN_DOCUMENTATION_COMMENTS = YES;
				CLANG_WARN_EMPTY_BODY = YES;
				CLANG_WARN_ENUM_CONVERSION = YES;
				CLANG_WARN_INFINITE_RECURSION = YES;
				CLANG_WARN_INT_CONVERSION = YES;
				CLANG_WARN_NON_LITERAL_NULL_CONVERSION = YES;
				CLANG_WARN_OBJC_IMPLICIT_RETAIN_SELF = YES;
				CLANG_WARN_OBJC_LITERAL_CONVERSION = YES;
				CLANG_WARN_OBJC_ROOT_CLASS = YES_ERROR;
				CLANG_WARN_QUOTED_INCLUDE_IN_FRAMEWORK_HEADER = YES;
				CLANG_WARN_RANGE_LOOP_ANALYSIS = YES;
				CLANG_WARN_STRICT_PROTOTYPES = YES;
				CLANG_WARN_SUSPICIOUS_MOVE = YES;
				CLANG_WARN_UNGUARDED_AVAILABILITY = YES_AGGRESSIVE;
				CLANG_WARN_UNREACHABLE_CODE = YES;
				CLANG_WARN__DUPLICATE_METHOD_MATCH = YES;
				COPY_PHASE_STRIP = NO;
				DEAD_CODE_STRIPPING = YES;
				DEBUG_INFORMATION_FORMAT = "dwarf-with-dsym";
				DEVELOPMENT_TEAM = CNRPT4VS9W;
				ENABLE_NS_ASSERTIONS = NO;
				ENABLE_STRICT_OBJC_MSGSEND = YES;
				ENABLE_USER_SCRIPT_SANDBOXING = YES;
				GCC_C_LANGUAGE_STANDARD = gnu17;
				GCC_NO_COMMON_BLOCKS = YES;
				GCC_WARN_64_TO_32_BIT_CONVERSION = YES;
				GCC_WARN_ABOUT_RETURN_TYPE = YES_ERROR;
				GCC_WARN_UNDECLARED_SELECTOR = YES;
				GCC_WARN_UNINITIALIZED_AUTOS = YES_AGGRESSIVE;
				GCC_WARN_UNUSED_FUNCTION = YES;
				GCC_WARN_UNUSED_VARIABLE = YES;
				IPHONEOS_DEPLOYMENT_TARGET = 18.5;
				LOCALIZATION_PREFERS_STRING_CATALOGS = YES;
				MTL_ENABLE_DEBUG_INFO = NO;
				MTL_FAST_MATH = YES;
				SDKROOT = macosx;
				STRING_CATALOG_GENERATE_SYMBOLS = YES;
				SWIFT_COMPILATION_MODE = wholemodule;
				VALIDATE_PRODUCT = YES;
			};
			name = Release;
		};
		3CE7E8E42E154BAF000C88B6 /* Debug */ = {
			isa = XCBuildConfiguration;
			buildSettings = {
				ASSETCATALOG_COMPILER_APPICON_NAME = AppIcon;
				ASSETCATALOG_COMPILER_GLOBAL_ACCENT_COLOR_NAME = AccentColor;
				"CODE_SIGN_IDENTITY[sdk=macosx*]" = "Apple Development";
				CODE_SIGN_STYLE = Automatic;
				CURRENT_PROJECT_VERSION = 40;
				DEAD_CODE_STRIPPING = YES;
				DEVELOPMENT_TEAM = X8AD8YC886;
				ENABLE_PREVIEWS = YES;
				GENERATE_INFOPLIST_FILE = YES;
				INFOPLIST_KEY_CFBundleDisplayName = "ArXiv Finder";
				INFOPLIST_KEY_LSApplicationCategoryType = "public.app-category.education";
				INFOPLIST_KEY_UIApplicationSceneManifest_Generation = YES;
				INFOPLIST_KEY_UIApplicationSupportsIndirectInputEvents = YES;
				INFOPLIST_KEY_UILaunchScreen_Generation = YES;
				INFOPLIST_KEY_UISupportedInterfaceOrientations_iPad = "UIInterfaceOrientationPortrait UIInterfaceOrientationPortraitUpsideDown UIInterfaceOrientationLandscapeLeft UIInterfaceOrientationLandscapeRight";
				INFOPLIST_KEY_UISupportedInterfaceOrientations_iPhone = "UIInterfaceOrientationPortrait UIInterfaceOrientationLandscapeLeft UIInterfaceOrientationLandscapeRight";
				IPHONEOS_DEPLOYMENT_TARGET = 17.6;
				LD_RUNPATH_SEARCH_PATHS = (
					"$(inherited)",
					"@executable_path/Frameworks",
				);
				MARKETING_VERSION = 1.1.2;
				PRODUCT_BUNDLE_IDENTIFIER = "com.jhg.ArXiv-Finder";
				PRODUCT_NAME = "$(TARGET_NAME)";
				REGISTER_APP_GROUPS = YES;
				SUPPORTED_PLATFORMS = "iphoneos iphonesimulator macosx";
				SUPPORTS_MACCATALYST = NO;
				SUPPORTS_MAC_DESIGNED_FOR_IPHONE_IPAD = NO;
				SUPPORTS_XR_DESIGNED_FOR_IPHONE_IPAD = NO;
				SWIFT_EMIT_LOC_STRINGS = YES;
				SWIFT_VERSION = 5.0;
				TARGETED_DEVICE_FAMILY = "1,2";
			};
			name = Debug;
		};
		3CE7E8E52E154BAF000C88B6 /* Release */ = {
			isa = XCBuildConfiguration;
			buildSettings = {
				ASSETCATALOG_COMPILER_APPICON_NAME = AppIcon;
				ASSETCATALOG_COMPILER_GLOBAL_ACCENT_COLOR_NAME = AccentColor;
				"CODE_SIGN_IDENTITY[sdk=macosx*]" = "Apple Development";
				CODE_SIGN_STYLE = Automatic;
				CURRENT_PROJECT_VERSION = 40;
				DEAD_CODE_STRIPPING = YES;
				DEVELOPMENT_TEAM = X8AD8YC886;
				ENABLE_PREVIEWS = YES;
				GENERATE_INFOPLIST_FILE = YES;
				INFOPLIST_KEY_CFBundleDisplayName = "ArXiv Finder";
				INFOPLIST_KEY_LSApplicationCategoryType = "public.app-category.education";
				INFOPLIST_KEY_UIApplicationSceneManifest_Generation = YES;
				INFOPLIST_KEY_UIApplicationSupportsIndirectInputEvents = YES;
				INFOPLIST_KEY_UILaunchScreen_Generation = YES;
				INFOPLIST_KEY_UISupportedInterfaceOrientations_iPad = "UIInterfaceOrientationPortrait UIInterfaceOrientationPortraitUpsideDown UIInterfaceOrientationLandscapeLeft UIInterfaceOrientationLandscapeRight";
				INFOPLIST_KEY_UISupportedInterfaceOrientations_iPhone = "UIInterfaceOrientationPortrait UIInterfaceOrientationLandscapeLeft UIInterfaceOrientationLandscapeRight";
				IPHONEOS_DEPLOYMENT_TARGET = 17.6;
				LD_RUNPATH_SEARCH_PATHS = (
					"$(inherited)",
					"@executable_path/Frameworks",
				);
				MARKETING_VERSION = 1.1.2;
				PRODUCT_BUNDLE_IDENTIFIER = "com.jhg.ArXiv-Finder";
				PRODUCT_NAME = "$(TARGET_NAME)";
				REGISTER_APP_GROUPS = YES;
				SUPPORTED_PLATFORMS = "iphoneos iphonesimulator macosx";
				SUPPORTS_MACCATALYST = NO;
				SUPPORTS_MAC_DESIGNED_FOR_IPHONE_IPAD = NO;
				SUPPORTS_XR_DESIGNED_FOR_IPHONE_IPAD = NO;
				SWIFT_EMIT_LOC_STRINGS = YES;
				SWIFT_VERSION = 5.0;
				TARGETED_DEVICE_FAMILY = "1,2";
			};
			name = Release;
		};
/* End XCBuildConfiguration section */

/* Begin XCConfigurationList section */
		3C733CA62E42387900333F80 /* Build configuration list for PBXNativeTarget "ArXiv FinderUITests" */ = {
			isa = XCConfigurationList;
			buildConfigurations = (
				3C733CA72E42387900333F80 /* Debug */,
				3C733CA82E42387900333F80 /* Release */,
			);
			defaultConfigurationIsVisible = 0;
			defaultConfigurationName = Release;
		};
		3C9CB49D2E422A7F00EBFC07 /* Build configuration list for PBXNativeTarget "ArXiv FinderTests" */ = {
			isa = XCConfigurationList;
			buildConfigurations = (
				3C9CB49B2E422A7F00EBFC07 /* Debug */,
				3C9CB49C2E422A7F00EBFC07 /* Release */,
			);
			defaultConfigurationIsVisible = 0;
			defaultConfigurationName = Release;
		};
		3CE7E8BB2E154BAE000C88B6 /* Build configuration list for PBXProject "ArXiv Finder" */ = {
			isa = XCConfigurationList;
			buildConfigurations = (
				3CE7E8E12E154BAF000C88B6 /* Debug */,
				3CE7E8E22E154BAF000C88B6 /* Release */,
			);
			defaultConfigurationIsVisible = 0;
			defaultConfigurationName = Release;
		};
		3CE7E8E32E154BAF000C88B6 /* Build configuration list for PBXNativeTarget "ArXiv Finder" */ = {
			isa = XCConfigurationList;
			buildConfigurations = (
				3CE7E8E42E154BAF000C88B6 /* Debug */,
				3CE7E8E52E154BAF000C88B6 /* Release */,
			);
			defaultConfigurationIsVisible = 0;
			defaultConfigurationName = Release;
		};
/* End XCConfigurationList section */

/* Begin XCRemoteSwiftPackageReference section */
		3C43B2F82E3C08310076B53E /* XCRemoteSwiftPackageReference "ArxivKit" */ = {
			isa = XCRemoteSwiftPackageReference;
			repositoryURL = "https://github.com/ivicamil/ArxivKit.git";
			requirement = {
				kind = upToNextMajorVersion;
				minimumVersion = 2.1.0;
			};
		};
/* End XCRemoteSwiftPackageReference section */

/* Begin XCSwiftPackageProductDependency section */
		3C43B2F92E3C08310076B53E /* ArxivKit */ = {
			isa = XCSwiftPackageProductDependency;
			package = 3C43B2F82E3C08310076B53E /* XCRemoteSwiftPackageReference "ArxivKit" */;
			productName = ArxivKit;
		};
/* End XCSwiftPackageProductDependency section */
	};
	rootObject = 3CE7E8B82E154BAE000C88B6 /* Project object */;
}
